
Microsoft Visual Studio Solution File, Format Version 12.00
# Visual Studio 15
VisualStudioVersion = 15.0.28307.572
MinimumVisualStudioVersion = 10.0.40219.1
Project("{9A19103F-16F7-4668-BE54-9A1E7A4F7556}") = "Translator", "src\Translator\Translator.csproj", "{35503CE8-A241-47DB-92F9-4D31C6FC030C}"
EndProject
Project("{2150E333-8FDC-42A3-9474-1A3956D46DE8}") = "samples", "samples", "{918C3B3F-63CC-42C1-A654-B496B9111914}"
EndProject
Project("{9A19103F-16F7-4668-BE54-9A1E7A4F7556}") = "ConsoleSample", "samples\ConsoleSample\ConsoleSample.csproj", "{C97F296A-587D-4EF0-BC8F-45D1DC893518}"
EndProject
Global
	GlobalSection(SolutionConfigurationPlatforms) = preSolution
		Debug|Any CPU = Debug|Any CPU
		Release|Any CPU = Release|Any CPU
	EndGlobalSection
	GlobalSection(ProjectConfigurationPlatforms) = postSolution
		{35503CE8-A241-47DB-92F9-4D31C6FC030C}.Debug|Any CPU.ActiveCfg = Debug|Any CPU
		{35503CE8-A241-47DB-92F9-4D31C6FC030C}.Debug|Any CPU.Build.0 = Debug|Any CPU
		{35503CE8-A241-47DB-92F9-4D31C6FC030C}.Release|Any CPU.ActiveCfg = Release|Any CPU
		{35503CE8-A241-47DB-92F9-4D31C6FC030C}.Release|Any CPU.Build.0 = Release|Any CPU
		{C97F296A-587D-4EF0-BC8F-45D1DC893518}.Debug|Any CPU.ActiveCfg = Debug|Any CPU
		{C97F296A-587D-4EF0-BC8F-45D1DC893518}.Debug|Any CPU.Build.0 = Debug|Any CPU
		{C97F296A-587D-4EF0-BC8F-45D1DC893518}.Release|Any CPU.ActiveCfg = Release|Any CPU
		{C97F296A-587D-4EF0-BC8F-45D1DC893518}.Release|Any CPU.Build.0 = Release|Any CPU
	EndGlobalSection
	GlobalSection(SolutionProperties) = preSolution
		HideSolutionNode = FALSE
	EndGlobalSection
	GlobalSection(NestedProjects) = preSolution
		{C97F296A-587D-4EF0-BC8F-45D1DC893518} = {918C3B3F-63CC-42C1-A654-B496B9111914}
	EndGlobalSection
	GlobalSection(ExtensibilityGlobals) = postSolution
		SolutionGuid = {38194B7A-8012-47F8-A102-AD0D0D3CCBC8}
	EndGlobalSection
EndGlobal
